{
  "name": "qubit",
  "version": "1.0.0",
  "lockfileVersion": 2,
  "requires": true,
  "packages": {
    "": {
      "name": "qubit",
      "version": "1.0.0",
      "license": "ISC",
      "workspaces": [
        "packages/algorithms",
        "packages/data-structures",
        "packages/utils"
      ]
    },
    "node_modules/algorithms": {
      "resolved": "packages/algorithms",
      "link": true
    },
    "node_modules/data-structures": {
      "resolved": "packages/data-structures",
      "link": true
    },
    "node_modules/utils": {
      "resolved": "packages/utils",
      "link": true
    },
    "packages/algorithms": {
      "version": "1.0.0",
      "license": "ISC"
    },
    "packages/data-structures": {
      "version": "1.0.0",
      "license": "ISC"
    },
    "packages/utils": {
      "version": "1.0.0",
      "license": "ISC"
    }
  },
  "dependencies": {
    "algorithms": {
      "version": "file:packages/algorithms"
    },
    "data-structures": {
      "version": "file:packages/data-structures"
    },
    "utils": {
      "version": "file:packages/utils"
    }
  }
}
